
Microsoft Visual Studio Solution File, Format Version 12.00
# Visual Studio Version 17
VisualStudioVersion = 17.11.35327.3
MinimumVisualStudioVersion = 10.0.40219.1
Project("{FAE04EC0-301F-11D3-BF4B-00C04F79EFBC}") = "WinForm_RUBRICA", "WinForm_RUBRICA\WinForm_RUBRICA.csproj", "{6A4C3E43-A072-494E-B556-8E394927DFDF}"
EndProject
Global
	GlobalSection(SolutionConfigurationPlatforms) = preSolution
		Debug|Any CPU = Debug|Any CPU
		Release|Any CPU = Release|Any CPU
	EndGlobalSection
	GlobalSection(ProjectConfigurationPlatforms) = postSolution
		{6A4C3E43-A072-494E-B556-8E394927DFDF}.Debug|Any CPU.ActiveCfg = Debug|Any CPU
		{6A4C3E43-A072-494E-B556-8E394927DFDF}.Debug|Any CPU.Build.0 = Debug|Any CPU
		{6A4C3E43-A072-494E-B556-8E394927DFDF}.Release|Any CPU.ActiveCfg = Release|Any CPU
		{6A4C3E43-A072-494E-B556-8E394927DFDF}.Release|Any CPU.Build.0 = Release|Any CPU
	EndGlobalSection
	GlobalSection(SolutionProperties) = preSolution
		HideSolutionNode = FALSE
	EndGlobalSection
	GlobalSection(ExtensibilityGlobals) = postSolution
		SolutionGuid = {91B85CD2-1897-420C-A75C-3F7F0FFD7657}
	EndGlobalSection
EndGlobal
